// !$*UTF8*$!
{
	archiveVersion = 1;
	classes = {
	};
	objectVersion = 46;
	objects = {

/* Begin PBXBuildFile section */
		04BB7B7A1C5D170400824990 /* Assets.xcassets in Resources */ = {isa = PBXBuildFile; fileRef = 04BB7B791C5D170400824990 /* Assets.xcassets */; };
		04BB7BF01C5D259200824990 /* FCEssenceViewController.m in Sources */ = {isa = PBXBuildFile; fileRef = 04BB7BC51C5D259200824990 /* FCEssenceViewController.m */; };
		04BB7BF11C5D259200824990 /* FCFriendTrendsViewController.m in Sources */ = {isa = PBXBuildFile; fileRef = 04BB7BCB1C5D259200824990 /* FCFriendTrendsViewController.m */; };
		04BB7BF21C5D259200824990 /* FCMeViewController.m in Sources */ = {isa = PBXBuildFile; fileRef = 04BB7BD11C5D259200824990 /* FCMeViewController.m */; };
		04BB7BF31C5D259200824990 /* FCNewViewController.m in Sources */ = {isa = PBXBuildFile; fileRef = 04BB7BD71C5D259200824990 /* FCNewViewController.m */; };
		04BB7BF41C5D259200824990 /* AppDelegate.m in Sources */ = {isa = PBXBuildFile; fileRef = 04BB7BDC1C5D259200824990 /* AppDelegate.m */; };
		04BB7BF51C5D259200824990 /* UIBarButtonItem+Extension.m in Sources */ = {isa = PBXBuildFile; fileRef = 04BB7BDF1C5D259200824990 /* UIBarButtonItem+Extension.m */; };
		04BB7BF61C5D259200824990 /* UIView+Extension.m in Sources */ = {isa = PBXBuildFile; fileRef = 04BB7BE11C5D259200824990 /* UIView+Extension.m */; };
		04BB7BF71C5D259200824990 /* FCNavigationController.m in Sources */ = {isa = PBXBuildFile; fileRef = 04BB7BE41C5D259200824990 /* FCNavigationController.m */; };
		04BB7BF81C5D259200824990 /* FCTabBarController.m in Sources */ = {isa = PBXBuildFile; fileRef = 04BB7BE61C5D259200824990 /* FCTabBarController.m */; };
		04BB7BF91C5D259200824990 /* Foundation+Log.m in Sources */ = {isa = PBXBuildFile; fileRef = 04BB7BE71C5D259200824990 /* Foundation+Log.m */; };
		04BB7BFA1C5D259200824990 /* main.m in Sources */ = {isa = PBXBuildFile; fileRef = 04BB7BE81C5D259200824990 /* main.m */; };
		04BB7BFB1C5D259200824990 /* FCTabBar.m in Sources */ = {isa = PBXBuildFile; fileRef = 04BB7BEC1C5D259200824990 /* FCTabBar.m */; };
/* End PBXBuildFile section */

/* Begin PBXFileReference section */
		04BB7B6A1C5D170400824990 /* MyBaisi.app */ = {isa = PBXFileReference; explicitFileType = wrapper.application; includeInIndex = 0; path = MyBaisi.app; sourceTree = BUILT_PRODUCTS_DIR; };
		04BB7B791C5D170400824990 /* Assets.xcassets */ = {isa = PBXFileReference; lastKnownFileType = folder.assetcatalog; path = Assets.xcassets; sourceTree = "<group>"; };
		04BB7B7E1C5D170400824990 /* Info.plist */ = {isa = PBXFileReference; lastKnownFileType = text.plist.xml; path = Info.plist; sourceTree = "<group>"; };
		04BB7BC41C5D259200824990 /* FCEssenceViewController.h */ = {isa = PBXFileReference; fileEncoding = 4; lastKnownFileType = sourcecode.c.h; path = FCEssenceViewController.h; sourceTree = "<group>"; };
		04BB7BC51C5D259200824990 /* FCEssenceViewController.m */ = {isa = PBXFileReference; fileEncoding = 4; lastKnownFileType = sourcecode.c.objc; path = FCEssenceViewController.m; sourceTree = "<group>"; };
		04BB7BCA1C5D259200824990 /* FCFriendTrendsViewController.h */ = {isa = PBXFileReference; fileEncoding = 4; lastKnownFileType = sourcecode.c.h; path = FCFriendTrendsViewController.h; sourceTree = "<group>"; };
		04BB7BCB1C5D259200824990 /* FCFriendTrendsViewController.m */ = {isa = PBXFileReference; fileEncoding = 4; lastKnownFileType = sourcecode.c.objc; path = FCFriendTrendsViewController.m; sourceTree = "<group>"; };
		04BB7BD01C5D259200824990 /* FCMeViewController.h */ = {isa = PBXFileReference; fileEncoding = 4; lastKnownFileType = sourcecode.c.h; path = FCMeViewController.h; sourceTree = "<group>"; };
		04BB7BD11C5D259200824990 /* FCMeViewController.m */ = {isa = PBXFileReference; fileEncoding = 4; lastKnownFileType = sourcecode.c.objc; path = FCMeViewController.m; sourceTree = "<group>"; };
		04BB7BD61C5D259200824990 /* FCNewViewController.h */ = {isa = PBXFileReference; fileEncoding = 4; lastKnownFileType = sourcecode.c.h; path = FCNewViewController.h; sourceTree = "<group>"; };
		04BB7BD71C5D259200824990 /* FCNewViewController.m */ = {isa = PBXFileReference; fileEncoding = 4; lastKnownFileType = sourcecode.c.objc; path = FCNewViewController.m; sourceTree = "<group>"; };
		04BB7BDB1C5D259200824990 /* AppDelegate.h */ = {isa = PBXFileReference; fileEncoding = 4; lastKnownFileType = sourcecode.c.h; path = AppDelegate.h; sourceTree = "<group>"; };
		04BB7BDC1C5D259200824990 /* AppDelegate.m */ = {isa = PBXFileReference; fileEncoding = 4; lastKnownFileType = sourcecode.c.objc; path = AppDelegate.m; sourceTree = "<group>"; };
		04BB7BDE1C5D259200824990 /* UIBarButtonItem+Extension.h */ = {isa = PBXFileReference; fileEncoding = 4; lastKnownFileType = sourcecode.c.h; path = "UIBarButtonItem+Extension.h"; sourceTree = "<group>"; };
		04BB7BDF1C5D259200824990 /* UIBarButtonItem+Extension.m */ = {isa = PBXFileReference; fileEncoding = 4; lastKnownFileType = sourcecode.c.objc; path = "UIBarButtonItem+Extension.m"; sourceTree = "<group>"; };
		04BB7BE01C5D259200824990 /* UIView+Extension.h */ = {isa = PBXFileReference; fileEncoding = 4; lastKnownFileType = sourcecode.c.h; path = "UIView+Extension.h"; sourceTree = "<group>"; };
		04BB7BE11C5D259200824990 /* UIView+Extension.m */ = {isa = PBXFileReference; fileEncoding = 4; lastKnownFileType = sourcecode.c.objc; path = "UIView+Extension.m"; sourceTree = "<group>"; };
		04BB7BE31C5D259200824990 /* FCNavigationController.h */ = {isa = PBXFileReference; fileEncoding = 4; lastKnownFileType = sourcecode.c.h; path = FCNavigationController.h; sourceTree = "<group>"; };
		04BB7BE41C5D259200824990 /* FCNavigationController.m */ = {isa = PBXFileReference; fileEncoding = 4; lastKnownFileType = sourcecode.c.objc; path = FCNavigationController.m; sourceTree = "<group>"; };
		04BB7BE51C5D259200824990 /* FCTabBarController.h */ = {isa = PBXFileReference; fileEncoding = 4; lastKnownFileType = sourcecode.c.h; path = FCTabBarController.h; sourceTree = "<group>"; };
		04BB7BE61C5D259200824990 /* FCTabBarController.m */ = {isa = PBXFileReference; fileEncoding = 4; lastKnownFileType = sourcecode.c.objc; path = FCTabBarController.m; sourceTree = "<group>"; };
		04BB7BE71C5D259200824990 /* Foundation+Log.m */ = {isa = PBXFileReference; fileEncoding = 4; lastKnownFileType = sourcecode.c.objc; path = "Foundation+Log.m"; sourceTree = "<group>"; };
		04BB7BE81C5D259200824990 /* main.m */ = {isa = PBXFileReference; fileEncoding = 4; lastKnownFileType = sourcecode.c.objc; path = main.m; sourceTree = "<group>"; };
		04BB7BE91C5D259200824990 /* MyBaisi.pch */ = {isa = PBXFileReference; fileEncoding = 4; lastKnownFileType = sourcecode.c.h; path = MyBaisi.pch; sourceTree = "<group>"; };
		04BB7BEB1C5D259200824990 /* FCTabBar.h */ = {isa = PBXFileReference; fileEncoding = 4; lastKnownFileType = sourcecode.c.h; path = FCTabBar.h; sourceTree = "<group>"; };
		04BB7BEC1C5D259200824990 /* FCTabBar.m */ = {isa = PBXFileReference; fileEncoding = 4; lastKnownFileType = sourcecode.c.objc; path = FCTabBar.m; sourceTree = "<group>"; };
/* End PBXFileReference section */

/* Begin PBXFrameworksBuildPhase section */
		04BB7B671C5D170400824990 /* Frameworks */ = {
			isa = PBXFrameworksBuildPhase;
			buildActionMask = 2147483647;
			files = (
			);
			runOnlyForDeploymentPostprocessing = 0;
		};
/* End PBXFrameworksBuildPhase section */

/* Begin PBXGroup section */
		04BB7B611C5D170400824990 = {
			isa = PBXGroup;
			children = (
				04BB7B6C1C5D170400824990 /* MyBaisi */,
				04BB7B6B1C5D170400824990 /* Products */,
			);
			sourceTree = "<group>";
		};
		04BB7B6B1C5D170400824990 /* Products */ = {
			isa = PBXGroup;
			children = (
				04BB7B6A1C5D170400824990 /* MyBaisi.app */,
			);
			name = Products;
			sourceTree = "<group>";
		};
		04BB7B6C1C5D170400824990 /* MyBaisi */ = {
			isa = PBXGroup;
			children = (
				04BB7BC11C5D259200824990 /* Classes */,
				04BB7B6D1C5D170400824990 /* Supporting Files */,
			);
			path = MyBaisi;
			sourceTree = "<group>";
		};
		04BB7B6D1C5D170400824990 /* Supporting Files */ = {
			isa = PBXGroup;
			children = (
				04BB7B791C5D170400824990 /* Assets.xcassets */,
				04BB7B7E1C5D170400824990 /* Info.plist */,
			);
			name = "Supporting Files";
			sourceTree = "<group>";
		};
		04BB7BC11C5D259200824990 /* Classes */ = {
			isa = PBXGroup;
			children = (
				04BB7BC21C5D259200824990 /* Essence-精华 */,
				04BB7BC81C5D259200824990 /* FriendTrends-关注 */,
				04BB7BCE1C5D259200824990 /* Me-我 */,
				04BB7BD41C5D259200824990 /* New-新帖 */,
				04BB7BDA1C5D259200824990 /* Other-其他 */,
				04BB7BED1C5D259200824990 /* Publish-发布 */,
			);
			path = Classes;
			sourceTree = "<group>";
		};
		04BB7BC21C5D259200824990 /* Essence-精华 */ = {
			isa = PBXGroup;
			children = (
				04BB7BC31C5D259200824990 /* Controller */,
				04BB7BC61C5D259200824990 /* Model */,
				04BB7BC71C5D259200824990 /* View */,
			);
			path = "Essence-精华";
			sourceTree = "<group>";
		};
		04BB7BC31C5D259200824990 /* Controller */ = {
			isa = PBXGroup;
			children = (
				04BB7BC41C5D259200824990 /* FCEssenceViewController.h */,
				04BB7BC51C5D259200824990 /* FCEssenceViewController.m */,
			);
			path = Controller;
			sourceTree = "<group>";
		};
		04BB7BC61C5D259200824990 /* Model */ = {
			isa = PBXGroup;
			children = (
			);
			path = Model;
			sourceTree = "<group>";
		};
		04BB7BC71C5D259200824990 /* View */ = {
			isa = PBXGroup;
			children = (
			);
			path = View;
			sourceTree = "<group>";
		};
		04BB7BC81C5D259200824990 /* FriendTrends-关注 */ = {
			isa = PBXGroup;
			children = (
				04BB7BC91C5D259200824990 /* Controller */,
				04BB7BCC1C5D259200824990 /* Model */,
				04BB7BCD1C5D259200824990 /* View */,
			);
			path = "FriendTrends-关注";
			sourceTree = "<group>";
		};
		04BB7BC91C5D259200824990 /* Controller */ = {
			isa = PBXGroup;
			children = (
				04BB7BCA1C5D259200824990 /* FCFriendTrendsViewController.h */,
				04BB7BCB1C5D259200824990 /* FCFriendTrendsViewController.m */,
			);
			path = Controller;
			sourceTree = "<group>";
		};
		04BB7BCC1C5D259200824990 /* Model */ = {
			isa = PBXGroup;
			children = (
			);
			path = Model;
			sourceTree = "<group>";
		};
		04BB7BCD1C5D259200824990 /* View */ = {
			isa = PBXGroup;
			children = (
			);
			path = View;
			sourceTree = "<group>";
		};
		04BB7BCE1C5D259200824990 /* Me-我 */ = {
			isa = PBXGroup;
			children = (
				04BB7BCF1C5D259200824990 /* Controller */,
				04BB7BD21C5D259200824990 /* Model */,
				04BB7BD31C5D259200824990 /* View */,
			);
			path = "Me-我";
			sourceTree = "<group>";
		};
		04BB7BCF1C5D259200824990 /* Controller */ = {
			isa = PBXGroup;
			children = (
				04BB7BD01C5D259200824990 /* FCMeViewController.h */,
				04BB7BD11C5D259200824990 /* FCMeViewController.m */,
			);
			path = Controller;
			sourceTree = "<group>";
		};
		04BB7BD21C5D259200824990 /* Model */ = {
			isa = PBXGroup;
			children = (
			);
			path = Model;
			sourceTree = "<group>";
		};
		04BB7BD31C5D259200824990 /* View */ = {
			isa = PBXGroup;
			children = (
			);
			path = View;
			sourceTree = "<group>";
		};
		04BB7BD41C5D259200824990 /* New-新帖 */ = {
			isa = PBXGroup;
			children = (
				04BB7BD51C5D259200824990 /* Controller */,
				04BB7BD81C5D259200824990 /* Model */,
				04BB7BD91C5D259200824990 /* View */,
			);
			path = "New-新帖";
			sourceTree = "<group>";
		};
		04BB7BD51C5D259200824990 /* Controller */ = {
			isa = PBXGroup;
			children = (
				04BB7BD61C5D259200824990 /* FCNewViewController.h */,
				04BB7BD71C5D259200824990 /* FCNewViewController.m */,
			);
			path = Controller;
			sourceTree = "<group>";
		};
		04BB7BD81C5D259200824990 /* Model */ = {
			isa = PBXGroup;
			children = (
			);
			path = Model;
			sourceTree = "<group>";
		};
		04BB7BD91C5D259200824990 /* View */ = {
			isa = PBXGroup;
			children = (
			);
			path = View;
			sourceTree = "<group>";
		};
		04BB7BDA1C5D259200824990 /* Other-其他 */ = {
			isa = PBXGroup;
			children = (
				04BB7BDB1C5D259200824990 /* AppDelegate.h */,
				04BB7BDC1C5D259200824990 /* AppDelegate.m */,
				04BB7BDD1C5D259200824990 /* Category */,
				04BB7BE21C5D259200824990 /* Controller */,
				04BB7BE71C5D259200824990 /* Foundation+Log.m */,
				04BB7BE81C5D259200824990 /* main.m */,
				04BB7BE91C5D259200824990 /* MyBaisi.pch */,
				04BB7BEA1C5D259200824990 /* View */,
			);
			path = "Other-其他";
			sourceTree = "<group>";
		};
		04BB7BDD1C5D259200824990 /* Category */ = {
			isa = PBXGroup;
			children = (
				04BB7BDE1C5D259200824990 /* UIBarButtonItem+Extension.h */,
				04BB7BDF1C5D259200824990 /* UIBarButtonItem+Extension.m */,
				04BB7BE01C5D259200824990 /* UIView+Extension.h */,
				04BB7BE11C5D259200824990 /* UIView+Extension.m */,
			);
			path = Category;
			sourceTree = "<group>";
		};
		04BB7BE21C5D259200824990 /* Controller */ = {
			isa = PBXGroup;
			children = (
				04BB7BE31C5D259200824990 /* FCNavigationController.h */,
				04BB7BE41C5D259200824990 /* FCNavigationController.m */,
				04BB7BE51C5D259200824990 /* FCTabBarController.h */,
				04BB7BE61C5D259200824990 /* FCTabBarController.m */,
			);
			path = Controller;
			sourceTree = "<group>";
		};
		04BB7BEA1C5D259200824990 /* View */ = {
			isa = PBXGroup;
			children = (
				04BB7BEB1C5D259200824990 /* FCTabBar.h */,
				04BB7BEC1C5D259200824990 /* FCTabBar.m */,
			);
			path = View;
			sourceTree = "<group>";
		};
		04BB7BED1C5D259200824990 /* Publish-发布 */ = {
			isa = PBXGroup;
			children = (
				04BB7BEE1C5D259200824990 /* Controller */,
				04BB7BEF1C5D259200824990 /* View */,
			);
			path = "Publish-发布";
			sourceTree = "<group>";
		};
		04BB7BEE1C5D259200824990 /* Controller */ = {
			isa = PBXGroup;
			children = (
			);
			path = Controller;
			sourceTree = "<group>";
		};
		04BB7BEF1C5D259200824990 /* View */ = {
			isa = PBXGroup;
			children = (
			);
			path = View;
			sourceTree = "<group>";
		};
/* End PBXGroup section */

/* Begin PBXNativeTarget section */
		04BB7B691C5D170400824990 /* MyBaisi */ = {
			isa = PBXNativeTarget;
			buildConfigurationList = 04BB7B811C5D170400824990 /* Build configuration list for PBXNativeTarget "MyBaisi" */;
			buildPhases = (
				04BB7B661C5D170400824990 /* Sources */,
				04BB7B671C5D170400824990 /* Frameworks */,
				04BB7B681C5D170400824990 /* Resources */,
			);
			buildRules = (
			);
			dependencies = (
			);
			name = MyBaisi;
			productName = MyBaisi;
			productReference = 04BB7B6A1C5D170400824990 /* MyBaisi.app */;
			productType = "com.apple.product-type.application";
		};
/* End PBXNativeTarget section */

/* Begin PBXProject section */
		04BB7B621C5D170400824990 /* Project object */ = {
			isa = PBXProject;
			attributes = {
				LastUpgradeCheck = 0720;
				ORGANIZATIONNAME = fccoder;
				TargetAttributes = {
					04BB7B691C5D170400824990 = {
						CreatedOnToolsVersion = 7.2;
					};
				};
			};
			buildConfigurationList = 04BB7B651C5D170400824990 /* Build configuration list for PBXProject "MyBaisi" */;
			compatibilityVersion = "Xcode 3.2";
			developmentRegion = English;
			hasScannedForEncodings = 0;
			knownRegions = (
				en,
				Base,
			);
			mainGroup = 04BB7B611C5D170400824990;
			productRefGroup = 04BB7B6B1C5D170400824990 /* Products */;
			projectDirPath = "";
			projectRoot = "";
			targets = (
				04BB7B691C5D170400824990 /* MyBaisi */,
			);
		};
/* End PBXProject section */

/* Begin PBXResourcesBuildPhase section */
		04BB7B681C5D170400824990 /* Resources */ = {
			isa = PBXResourcesBuildPhase;
			buildActionMask = 2147483647;
			files = (
				04BB7B7A1C5D170400824990 /* Assets.xcassets in Resources */,
			);
			runOnlyForDeploymentPostprocessing = 0;
		};
/* End PBXResourcesBuildPhase section */

/* Begin PBXSourcesBuildPhase section */
		04BB7B661C5D170400824990 /* Sources */ = {
			isa = PBXSourcesBuildPhase;
			buildActionMask = 2147483647;
			files = (
				04BB7BF61C5D259200824990 /* UIView+Extension.m in Sources */,
				04BB7BF71C5D259200824990 /* FCNavigationController.m in Sources */,
				04BB7BF31C5D259200824990 /* FCNewViewController.m in Sources */,
				04BB7BFB1C5D259200824990 /* FCTabBar.m in Sources */,
				04BB7BF81C5D259200824990 /* FCTabBarController.m in Sources */,
				04BB7BF21C5D259200824990 /* FCMeViewController.m in Sources */,
				04BB7BF41C5D259200824990 /* AppDelegate.m in Sources */,
				04BB7BF01C5D259200824990 /* FCEssenceViewController.m in Sources */,
				04BB7BF51C5D259200824990 /* UIBarButtonItem+Extension.m in Sources */,
				04BB7BF91C5D259200824990 /* Foundation+Log.m in Sources */,
				04BB7BF11C5D259200824990 /* FCFriendTrendsViewController.m in Sources */,
				04BB7BFA1C5D259200824990 /* main.m in Sources */,
			);
			runOnlyForDeploymentPostprocessing = 0;
		};
/* End PBXSourcesBuildPhase section */

/* Begin XCBuildConfiguration section */
		04BB7B7F1C5D170400824990 /* Debug */ = {
			isa = XCBuildConfiguration;
			buildSettings = {
				ALWAYS_SEARCH_USER_PATHS = NO;
				CLANG_CXX_LANGUAGE_STANDARD = "gnu++0x";
				CLANG_CXX_LIBRARY = "libc++";
				CLANG_ENABLE_MODULES = YES;
				CLANG_ENABLE_OBJC_ARC = YES;
				CLANG_WARN_BOOL_CONVERSION = YES;
				CLANG_WARN_CONSTANT_CONVERSION = YES;
				CLANG_WARN_DIRECT_OBJC_ISA_USAGE = YES_ERROR;
				CLANG_WARN_EMPTY_BODY = YES;
				CLANG_WARN_ENUM_CONVERSION = YES;
				CLANG_WARN_INT_CONVERSION = YES;
				CLANG_WARN_OBJC_ROOT_CLASS = YES_ERROR;
				CLANG_WARN_UNREACHABLE_CODE = YES;
				CLANG_WARN__DUPLICATE_METHOD_MATCH = YES;
				"CODE_SIGN_IDENTITY[sdk=iphoneos*]" = "iPhone Developer";
				COPY_PHASE_STRIP = NO;
				DEBUG_INFORMATION_FORMAT = dwarf;
				ENABLE_STRICT_OBJC_MSGSEND = YES;
				ENABLE_TESTABILITY = YES;
				GCC_C_LANGUAGE_STANDARD = gnu99;
				GCC_DYNAMIC_NO_PIC = NO;
				GCC_NO_COMMON_BLOCKS = YES;
				GCC_OPTIMIZATION_LEVEL = 0;
				GCC_PREPROCESSOR_DEFINITIONS = (
					"DEBUG=1",
					"$(inherited)",
				);
				GCC_WARN_64_TO_32_BIT_CONVERSION = YES;
				GCC_WARN_ABOUT_RETURN_TYPE = YES_ERROR;
				GCC_WARN_UNDECLARED_SELECTOR = YES;
				GCC_WARN_UNINITIALIZED_AUTOS = YES_AGGRESSIVE;
				GCC_WARN_UNUSED_FUNCTION = YES;
				GCC_WARN_UNUSED_VARIABLE = YES;
				IPHONEOS_DEPLOYMENT_TARGET = 9.2;
				MTL_ENABLE_DEBUG_INFO = YES;
				ONLY_ACTIVE_ARCH = YES;
				SDKROOT = iphoneos;
			};
			name = Debug;
		};
		04BB7B801C5D170400824990 /* Release */ = {
			isa = XCBuildConfiguration;
			buildSettings = {
				ALWAYS_SEARCH_USER_PATHS = NO;
				CLANG_CXX_LANGUAGE_STANDARD = "gnu++0x";
				CLANG_CXX_LIBRARY = "libc++";
				CLANG_ENABLE_MODULES = YES;
				CLANG_ENABLE_OBJC_ARC = YES;
				CLANG_WARN_BOOL_CONVERSION = YES;
				CLANG_WARN_CONSTANT_CONVERSION = YES;
				CLANG_WARN_DIRECT_OBJC_ISA_USAGE = YES_ERROR;
				CLANG_WARN_EMPTY_BODY = YES;
				CLANG_WARN_ENUM_CONVERSION = YES;
				CLANG_WARN_INT_CONVERSION = YES;
				CLANG_WARN_OBJC_ROOT_CLASS = YES_ERROR;
				CLANG_WARN_UNREACHABLE_CODE = YES;
				CLANG_WARN__DUPLICATE_METHOD_MATCH = YES;
				"CODE_SIGN_IDENTITY[sdk=iphoneos*]" = "iPhone Developer";
				COPY_PHASE_STRIP = NO;
				DEBUG_INFORMATION_FORMAT = "dwarf-with-dsym";
				ENABLE_NS_ASSERTIONS = NO;
				ENABLE_STRICT_OBJC_MSGSEND = YES;
				GCC_C_LANGUAGE_STANDARD = gnu99;
				GCC_NO_COMMON_BLOCKS = YES;
				GCC_WARN_64_TO_32_BIT_CONVERSION = YES;
				GCC_WARN_ABOUT_RETURN_TYPE = YES_ERROR;
				GCC_WARN_UNDECLARED_SELECTOR = YES;
				GCC_WARN_UNINITIALIZED_AUTOS = YES_AGGRESSIVE;
				GCC_WARN_UNUSED_FUNCTION = YES;
				GCC_WARN_UNUSED_VARIABLE = YES;
				IPHONEOS_DEPLOYMENT_TARGET = 9.2;
				MTL_ENABLE_DEBUG_INFO = NO;
				SDKROOT = iphoneos;
				VALIDATE_PRODUCT = YES;
			};
			name = Release;
		};
		04BB7B821C5D170400824990 /* Debug */ = {
			isa = XCBuildConfiguration;
			buildSettings = {
				ASSETCATALOG_COMPILER_APPICON_NAME = AppIcon;
				ASSETCATALOG_COMPILER_LAUNCHIMAGE_NAME = "Brand Assets";
				GCC_PREFIX_HEADER = "MyBaisi/Classes/Other-其他/MyBaisi.pch";
				INFOPLIST_FILE = MyBaisi/Info.plist;
				LD_RUNPATH_SEARCH_PATHS = "$(inherited) @executable_path/Frameworks";
				PRODUCT_BUNDLE_IDENTIFIER = com.ganfuchuan.MyBaisi;
				PRODUCT_NAME = "$(TARGET_NAME)";
			};
			name = Debug;
		};
		04BB7B831C5D170400824990 /* Release */ = {
			isa = XCBuildConfiguration;
			buildSettings = {
				ASSETCATALOG_COMPILER_APPICON_NAME = AppIcon;
				ASSETCATALOG_COMPILER_LAUNCHIMAGE_NAME = "Brand Assets";
				GCC_PREFIX_HEADER = "MyBaisi/Classes/Other-其他/MyBaisi.pch";
				INFOPLIST_FILE = MyBaisi/Info.plist;
				LD_RUNPATH_SEARCH_PATHS = "$(inherited) @executable_path/Frameworks";
				PRODUCT_BUNDLE_IDENTIFIER = com.ganfuchuan.MyBaisi;
				PRODUCT_NAME = "$(TARGET_NAME)";
			};
			name = Release;
		};
/* End XCBuildConfiguration section */

/* Begin XCConfigurationList section */
		04BB7B651C5D170400824990 /* Build configuration list for PBXProject "MyBaisi" */ = {
			isa = XCConfigurationList;
			buildConfigurations = (
				04BB7B7F1C5D170400824990 /* Debug */,
				04BB7B801C5D170400824990 /* Release */,
			);
			defaultConfigurationIsVisible = 0;
			defaultConfigurationName = Release;
		};
		04BB7B811C5D170400824990 /* Build configuration list for PBXNativeTarget "MyBaisi" */ = {
			isa = XCConfigurationList;
			buildConfigurations = (
				04BB7B821C5D170400824990 /* Debug */,
				04BB7B831C5D170400824990 /* Release */,
			);
			defaultConfigurationIsVisible = 0;
			defaultConfigurationName = Release;
		};
/* End XCConfigurationList section */
	};
	rootObject = 04BB7B621C5D170400824990 /* Project object */;
}
